version = 1
revision = 3
requires-python = ">=3.12"

[[package]]
name = "argcomplete"
version = "3.6.3"
source = { registry = "https://pypi.org/simple" }
sdist = { url = "https://files.pythonhosted.org/packages/38/61/0b9ae6399dd4a58d8c1b1dc5a27d6f2808023d0b5dd3104bb99f45a33ff6/argcomplete-3.6.3.tar.gz", hash = "sha256:62e8ed4fd6a45864acc8235409461b72c9a28ee785a2011cc5eb78318786c89c", size = 73754, upload-time = "2025-10-20T03:33:34.741Z" }
wheels = [
    { url = "https://files.pythonhosted.org/packages/74/f5/9373290775639cb67a2fce7f629a1c240dce9f12fe927bc32b2736e16dfc/argcomplete-3.6.3-py3-none-any.whl", hash = "sha256:f5007b3a600ccac5d25bbce33089211dfd49eab4a7718da3f10e3082525a92ce", size = 43846, upload-time = "2025-10-20T03:33:33.021Z" },
]

[[package]]
name = "things-cli"
version = "0.2.1"
source = { git = "https://github.com/kridsdale/things-cli.git#34aa7eb6f2e7cbd72e90a33b3d9b13a447abc707" }
dependencies = [
    { name = "argcomplete" },
    { name = "things-py" },
]

[[package]]
name = "things-io"
version = "0.1.0"
source = { virtual = "." }
dependencies = [
    { name = "things-cli" },
    { name = "things-py" },
]

[package.metadata]
requires-dist = [
    { name = "things-cli", git = "https://github.com/kridsdale/things-cli.git" },
    { name = "things-py", git = "https://github.com/kridsdale/things.py.git" },
]

[[package]]
name = "things-py"
version = "1.0.1"
source = { git = "https://github.com/kridsdale/things.py.git#1f679a6f2ab639bff3fc48d20e2b6acdd7eb0e68" }
